// !$*UTF8*$!
{
	archiveVersion = 1;
	classes = {
	};
	objectVersion = 50;
	objects = {

/* Begin PBXBuildFile section */
		92293DFA229BCF400012D39A /* HBPlayView.swift in Sources */ = {isa = PBXBuildFile; fileRef = 92293DF9229BCF400012D39A /* HBPlayView.swift */; };
		929358EB22997C9F004E96B5 /* AppDelegate.swift in Sources */ = {isa = PBXBuildFile; fileRef = 929358EA22997C9F004E96B5 /* AppDelegate.swift */; };
		929358ED22997CA2004E96B5 /* Assets.xcassets in Resources */ = {isa = PBXBuildFile; fileRef = 929358EC22997CA2004E96B5 /* Assets.xcassets */; };
		929358F022997CA2004E96B5 /* LaunchScreen.storyboard in Resources */ = {isa = PBXBuildFile; fileRef = 929358EE22997CA2004E96B5 /* LaunchScreen.storyboard */; };
		929358F822997CB7004E96B5 /* RootViewController.swift in Sources */ = {isa = PBXBuildFile; fileRef = 929358F722997CB7004E96B5 /* RootViewController.swift */; };
		929358FA22997D6F004E96B5 /* HBPlayer.swift in Sources */ = {isa = PBXBuildFile; fileRef = 929358F922997D6F004E96B5 /* HBPlayer.swift */; };
		929358FE2299A094004E96B5 /* HBControlView.swift in Sources */ = {isa = PBXBuildFile; fileRef = 929358FD2299A094004E96B5 /* HBControlView.swift */; };
		929359002299A4E3004E96B5 /* HBTools.swift in Sources */ = {isa = PBXBuildFile; fileRef = 929358FF2299A4E3004E96B5 /* HBTools.swift */; };
/* End PBXBuildFile section */

/* Begin PBXFileReference section */
		92293DF9229BCF400012D39A /* HBPlayView.swift */ = {isa = PBXFileReference; lastKnownFileType = sourcecode.swift; path = HBPlayView.swift; sourceTree = "<group>"; };
		929358E722997C9E004E96B5 /* HBSwiftPlayer.app */ = {isa = PBXFileReference; explicitFileType = wrapper.application; includeInIndex = 0; path = HBSwiftPlayer.app; sourceTree = BUILT_PRODUCTS_DIR; };
		929358EA22997C9F004E96B5 /* AppDelegate.swift */ = {isa = PBXFileReference; lastKnownFileType = sourcecode.swift; path = AppDelegate.swift; sourceTree = "<group>"; };
		929358EC22997CA2004E96B5 /* Assets.xcassets */ = {isa = PBXFileReference; lastKnownFileType = folder.assetcatalog; path = Assets.xcassets; sourceTree = "<group>"; };
		929358EF22997CA2004E96B5 /* Base */ = {isa = PBXFileReference; lastKnownFileType = file.storyboard; name = Base; path = Base.lproj/LaunchScreen.storyboard; sourceTree = "<group>"; };
		929358F122997CA2004E96B5 /* Info.plist */ = {isa = PBXFileReference; lastKnownFileType = text.plist.xml; path = Info.plist; sourceTree = "<group>"; };
		929358F722997CB7004E96B5 /* RootViewController.swift */ = {isa = PBXFileReference; lastKnownFileType = sourcecode.swift; path = RootViewController.swift; sourceTree = "<group>"; };
		929358F922997D6F004E96B5 /* HBPlayer.swift */ = {isa = PBXFileReference; lastKnownFileType = sourcecode.swift; path = HBPlayer.swift; sourceTree = "<group>"; };
		929358FD2299A094004E96B5 /* HBControlView.swift */ = {isa = PBXFileReference; lastKnownFileType = sourcecode.swift; path = HBControlView.swift; sourceTree = "<group>"; };
		929358FF2299A4E3004E96B5 /* HBTools.swift */ = {isa = PBXFileReference; lastKnownFileType = sourcecode.swift; path = HBTools.swift; sourceTree = "<group>"; };
/* End PBXFileReference section */

/* Begin PBXFrameworksBuildPhase section */
		929358E422997C9E004E96B5 /* Frameworks */ = {
			isa = PBXFrameworksBuildPhase;
			buildActionMask = 2147483647;
			files = (
			);
			runOnlyForDeploymentPostprocessing = 0;
		};
/* End PBXFrameworksBuildPhase section */

/* Begin PBXGroup section */
		929358DE22997C9E004E96B5 = {
			isa = PBXGroup;
			children = (
				929358E922997C9F004E96B5 /* HBSwiftPlayer */,
				929358E822997C9E004E96B5 /* Products */,
			);
			sourceTree = "<group>";
		};
		929358E822997C9E004E96B5 /* Products */ = {
			isa = PBXGroup;
			children = (
				929358E722997C9E004E96B5 /* HBSwiftPlayer.app */,
			);
			name = Products;
			sourceTree = "<group>";
		};
		929358E922997C9F004E96B5 /* HBSwiftPlayer */ = {
			isa = PBXGroup;
			children = (
				929358EA22997C9F004E96B5 /* AppDelegate.swift */,
				929358F722997CB7004E96B5 /* RootViewController.swift */,
				929358F922997D6F004E96B5 /* HBPlayer.swift */,
				92293DF9229BCF400012D39A /* HBPlayView.swift */,
				929358FD2299A094004E96B5 /* HBControlView.swift */,
				929358FF2299A4E3004E96B5 /* HBTools.swift */,
				929358EC22997CA2004E96B5 /* Assets.xcassets */,
				929358EE22997CA2004E96B5 /* LaunchScreen.storyboard */,
				929358F122997CA2004E96B5 /* Info.plist */,
			);
			path = HBSwiftPlayer;
			sourceTree = "<group>";
		};
/* End PBXGroup section */

/* Begin PBXNativeTarget section */
		929358E622997C9E004E96B5 /* HBSwiftPlayer */ = {
			isa = PBXNativeTarget;
			buildConfigurationList = 929358F422997CA2004E96B5 /* Build configuration list for PBXNativeTarget "HBSwiftPlayer" */;
			buildPhases = (
				929358E322997C9E004E96B5 /* Sources */,
				929358E422997C9E004E96B5 /* Frameworks */,
				929358E522997C9E004E96B5 /* Resources */,
			);
			buildRules = (
			);
			dependencies = (
			);
			name = HBSwiftPlayer;
			productName = HBSwiftPlayer;
			productReference = 929358E722997C9E004E96B5 /* HBSwiftPlayer.app */;
			productType = "com.apple.product-type.application";
		};
/* End PBXNativeTarget section */

/* Begin PBXProject section */
		929358DF22997C9E004E96B5 /* Project object */ = {
			isa = PBXProject;
			attributes = {
				LastSwiftUpdateCheck = 1020;
				LastUpgradeCheck = 1020;
				ORGANIZATIONNAME = "沈红榜";
				TargetAttributes = {
					929358E622997C9E004E96B5 = {
						CreatedOnToolsVersion = 10.2.1;
					};
				};
			};
			buildConfigurationList = 929358E222997C9E004E96B5 /* Build configuration list for PBXProject "HBSwiftPlayer" */;
			compatibilityVersion = "Xcode 9.3";
			developmentRegion = en;
			hasScannedForEncodings = 0;
			knownRegions = (
				en,
				Base,
			);
			mainGroup = 929358DE22997C9E004E96B5;
			productRefGroup = 929358E822997C9E004E96B5 /* Products */;
			projectDirPath = "";
			projectRoot = "";
			targets = (
				929358E622997C9E004E96B5 /* HBSwiftPlayer */,
			);
		};
/* End PBXProject section */

/* Begin PBXResourcesBuildPhase section */
		929358E522997C9E004E96B5 /* Resources */ = {
			isa = PBXResourcesBuildPhase;
			buildActionMask = 2147483647;
			files = (
				929358ED22997CA2004E96B5 /* Assets.xcassets in Resources */,
				929358F022997CA2004E96B5 /* LaunchScreen.storyboard in Resources */,
			);
			runOnlyForDeploymentPostprocessing = 0;
		};
/* End PBXResourcesBuildPhase section */

/* Begin PBXSourcesBuildPhase section */
		929358E322997C9E004E96B5 /* Sources */ = {
			isa = PBXSourcesBuildPhase;
			buildActionMask = 2147483647;
			files = (
				929358F822997CB7004E96B5 /* RootViewController.swift in Sources */,
				929358FA22997D6F004E96B5 /* HBPlayer.swift in Sources */,
				929359002299A4E3004E96B5 /* HBTools.swift in Sources */,
				929358FE2299A094004E96B5 /* HBControlView.swift in Sources */,
				92293DFA229BCF400012D39A /* HBPlayView.swift in Sources */,
				929358EB22997C9F004E96B5 /* AppDelegate.swift in Sources */,
			);
			runOnlyForDeploymentPostprocessing = 0;
		};
/* End PBXSourcesBuildPhase section */

/* Begin PBXVariantGroup section */
		929358EE22997CA2004E96B5 /* LaunchScreen.storyboard */ = {
			isa = PBXVariantGroup;
			children = (
				929358EF22997CA2004E96B5 /* Base */,
			);
			name = LaunchScreen.storyboard;
			sourceTree = "<group>";
		};
/* End PBXVariantGroup section */

/* Begin XCBuildConfiguration section */
		929358F222997CA2004E96B5 /* Debug */ = {
			isa = XCBuildConfiguration;
			buildSettings = {
				ALWAYS_SEARCH_USER_PATHS = NO;
				CLANG_ANALYZER_NONNULL = YES;
				CLANG_ANALYZER_NUMBER_OBJECT_CONVERSION = YES_AGGRESSIVE;
				CLANG_CXX_LANGUAGE_STANDARD = "gnu++14";
				CLANG_CXX_LIBRARY = "libc++";
				CLANG_ENABLE_MODULES = YES;
				CLANG_ENABLE_OBJC_ARC = YES;
				CLANG_ENABLE_OBJC_WEAK = YES;
				CLANG_WARN_BLOCK_CAPTURE_AUTORELEASING = YES;
				CLANG_WARN_BOOL_CONVERSION = YES;
				CLANG_WARN_COMMA = YES;
				CLANG_WARN_CONSTANT_CONVERSION = YES;
				CLANG_WARN_DEPRECATED_OBJC_IMPLEMENTATIONS = YES;
				CLANG_WARN_DIRECT_OBJC_ISA_USAGE = YES_ERROR;
				CLANG_WARN_DOCUMENTATION_COMMENTS = YES;
				CLANG_WARN_EMPTY_BODY = YES;
				CLANG_WARN_ENUM_CONVERSION = YES;
				CLANG_WARN_INFINITE_RECURSION = YES;
				CLANG_WARN_INT_CONVERSION = YES;
				CLANG_WARN_NON_LITERAL_NULL_CONVERSION = YES;
				CLANG_WARN_OBJC_IMPLICIT_RETAIN_SELF = YES;
				CLANG_WARN_OBJC_LITERAL_CONVERSION = YES;
				CLANG_WARN_OBJC_ROOT_CLASS = YES_ERROR;
				CLANG_WARN_RANGE_LOOP_ANALYSIS = YES;
				CLANG_WARN_STRICT_PROTOTYPES = YES;
				CLANG_WARN_SUSPICIOUS_MOVE = YES;
				CLANG_WARN_UNGUARDED_AVAILABILITY = YES_AGGRESSIVE;
				CLANG_WARN_UNREACHABLE_CODE = YES;
				CLANG_WARN__DUPLICATE_METHOD_MATCH = YES;
				CODE_SIGN_IDENTITY = "iPhone Developer";
				COPY_PHASE_STRIP = NO;
				DEBUG_INFORMATION_FORMAT = dwarf;
				ENABLE_STRICT_OBJC_MSGSEND = YES;
				ENABLE_TESTABILITY = YES;
				GCC_C_LANGUAGE_STANDARD = gnu11;
				GCC_DYNAMIC_NO_PIC = NO;
				GCC_NO_COMMON_BLOCKS = YES;
				GCC_OPTIMIZATION_LEVEL = 0;
				GCC_PREPROCESSOR_DEFINITIONS = (
					"DEBUG=1",
					"$(inherited)",
				);
				GCC_WARN_64_TO_32_BIT_CONVERSION = YES;
				GCC_WARN_ABOUT_RETURN_TYPE = YES_ERROR;
				GCC_WARN_UNDECLARED_SELECTOR = YES;
				GCC_WARN_UNINITIALIZED_AUTOS = YES_AGGRESSIVE;
				GCC_WARN_UNUSED_FUNCTION = YES;
				GCC_WARN_UNUSED_VARIABLE = YES;
				IPHONEOS_DEPLOYMENT_TARGET = 12.2;
				MTL_ENABLE_DEBUG_INFO = INCLUDE_SOURCE;
				MTL_FAST_MATH = YES;
				ONLY_ACTIVE_ARCH = YES;
				SDKROOT = iphoneos;
				SWIFT_ACTIVE_COMPILATION_CONDITIONS = DEBUG;
				SWIFT_OPTIMIZATION_LEVEL = "-Onone";
			};
			name = Debug;
		};
		929358F322997CA2004E96B5 /* Release */ = {
			isa = XCBuildConfiguration;
			buildSettings = {
				ALWAYS_SEARCH_USER_PATHS = NO;
				CLANG_ANALYZER_NONNULL = YES;
				CLANG_ANALYZER_NUMBER_OBJECT_CONVERSION = YES_AGGRESSIVE;
				CLANG_CXX_LANGUAGE_STANDARD = "gnu++14";
				CLANG_CXX_LIBRARY = "libc++";
				CLANG_ENABLE_MODULES = YES;
				CLANG_ENABLE_OBJC_ARC = YES;
				CLANG_ENABLE_OBJC_WEAK = YES;
				CLANG_WARN_BLOCK_CAPTURE_AUTORELEASING = YES;
				CLANG_WARN_BOOL_CONVERSION = YES;
				CLANG_WARN_COMMA = YES;
				CLANG_WARN_CONSTANT_CONVERSION = YES;
				CLANG_WARN_DEPRECATED_OBJC_IMPLEMENTATIONS = YES;
				CLANG_WARN_DIRECT_OBJC_ISA_USAGE = YES_ERROR;
				CLANG_WARN_DOCUMENTATION_COMMENTS = YES;
				CLANG_WARN_EMPTY_BODY = YES;
				CLANG_WARN_ENUM_CONVERSION = YES;
				CLANG_WARN_INFINITE_RECURSION = YES;
				CLANG_WARN_INT_CONVERSION = YES;
				CLANG_WARN_NON_LITERAL_NULL_CONVERSION = YES;
				CLANG_WARN_OBJC_IMPLICIT_RETAIN_SELF = YES;
				CLANG_WARN_OBJC_LITERAL_CONVERSION = YES;
				CLANG_WARN_OBJC_ROOT_CLASS = YES_ERROR;
				CLANG_WARN_RANGE_LOOP_ANALYSIS = YES;
				CLANG_WARN_STRICT_PROTOTYPES = YES;
				CLANG_WARN_SUSPICIOUS_MOVE = YES;
				CLANG_WARN_UNGUARDED_AVAILABILITY = YES_AGGRESSIVE;
				CLANG_WARN_UNREACHABLE_CODE = YES;
				CLANG_WARN__DUPLICATE_METHOD_MATCH = YES;
				CODE_SIGN_IDENTITY = "iPhone Developer";
				COPY_PHASE_STRIP = NO;
				DEBUG_INFORMATION_FORMAT = "dwarf-with-dsym";
				ENABLE_NS_ASSERTIONS = NO;
				ENABLE_STRICT_OBJC_MSGSEND = YES;
				GCC_C_LANGUAGE_STANDARD = gnu11;
				GCC_NO_COMMON_BLOCKS = YES;
				GCC_WARN_64_TO_32_BIT_CONVERSION = YES;
				GCC_WARN_ABOUT_RETURN_TYPE = YES_ERROR;
				GCC_WARN_UNDECLARED_SELECTOR = YES;
				GCC_WARN_UNINITIALIZED_AUTOS = YES_AGGRESSIVE;
				GCC_WARN_UNUSED_FUNCTION = YES;
				GCC_WARN_UNUSED_VARIABLE = YES;
				IPHONEOS_DEPLOYMENT_TARGET = 12.2;
				MTL_ENABLE_DEBUG_INFO = NO;
				MTL_FAST_MATH = YES;
				SDKROOT = iphoneos;
				SWIFT_COMPILATION_MODE = wholemodule;
				SWIFT_OPTIMIZATION_LEVEL = "-O";
				VALIDATE_PRODUCT = YES;
			};
			name = Release;
		};
		929358F522997CA2004E96B5 /* Debug */ = {
			isa = XCBuildConfiguration;
			buildSettings = {
				ASSETCATALOG_COMPILER_APPICON_NAME = AppIcon;
				CODE_SIGN_STYLE = Manual;
				DEVELOPMENT_TEAM = P779J43L8K;
				INFOPLIST_FILE = HBSwiftPlayer/Info.plist;
				IPHONEOS_DEPLOYMENT_TARGET = 11.2;
				LD_RUNPATH_SEARCH_PATHS = (
					"$(inherited)",
					"@executable_path/Frameworks",
				);
				PRODUCT_BUNDLE_IDENTIFIER = com.jiutianhuanpei.HBSwiftPlayer;
				PRODUCT_NAME = "$(TARGET_NAME)";
				PROVISIONING_PROFILE_SPECIFIER = "XC Wildcard_Profile";
				SWIFT_VERSION = 5.0;
				TARGETED_DEVICE_FAMILY = "1,2";
			};
			name = Debug;
		};
		929358F622997CA2004E96B5 /* Release */ = {
			isa = XCBuildConfiguration;
			buildSettings = {
				ASSETCATALOG_COMPILER_APPICON_NAME = AppIcon;
				CODE_SIGN_STYLE = Manual;
				DEVELOPMENT_TEAM = P779J43L8K;
				INFOPLIST_FILE = HBSwiftPlayer/Info.plist;
				IPHONEOS_DEPLOYMENT_TARGET = 11.2;
				LD_RUNPATH_SEARCH_PATHS = (
					"$(inherited)",
					"@executable_path/Frameworks",
				);
				PRODUCT_BUNDLE_IDENTIFIER = com.jiutianhuanpei.HBSwiftPlayer;
				PRODUCT_NAME = "$(TARGET_NAME)";
				PROVISIONING_PROFILE_SPECIFIER = "XC Wildcard_Profile";
				SWIFT_VERSION = 5.0;
				TARGETED_DEVICE_FAMILY = "1,2";
			};
			name = Release;
		};
/* End XCBuildConfiguration section */

/* Begin XCConfigurationList section */
		929358E222997C9E004E96B5 /* Build configuration list for PBXProject "HBSwiftPlayer" */ = {
			isa = XCConfigurationList;
			buildConfigurations = (
				929358F222997CA2004E96B5 /* Debug */,
				929358F322997CA2004E96B5 /* Release */,
			);
			defaultConfigurationIsVisible = 0;
			defaultConfigurationName = Release;
		};
		929358F422997CA2004E96B5 /* Build configuration list for PBXNativeTarget "HBSwiftPlayer" */ = {
			isa = XCConfigurationList;
			buildConfigurations = (
				929358F522997CA2004E96B5 /* Debug */,
				929358F622997CA2004E96B5 /* Release */,
			);
			defaultConfigurationIsVisible = 0;
			defaultConfigurationName = Release;
		};
/* End XCConfigurationList section */
	};
	rootObject = 929358DF22997C9E004E96B5 /* Project object */;
}
